
Microsoft Visual Studio Solution File, Format Version 12.00
# Visual Studio Version 17
VisualStudioVersion = 17.5.33424.131
MinimumVisualStudioVersion = 10.0.40219.1
Project("{FAE04EC0-301F-11D3-BF4B-00C04F79EFBC}") = "Calculadora", "Calculadora\Calculadora.csproj", "{72D63185-3ED6-4CFD-B5A3-54819FAB14ED}"
EndProject
Global
	GlobalSection(SolutionConfigurationPlatforms) = preSolution
		Debug|Any CPU = Debug|Any CPU
		Release|Any CPU = Release|Any CPU
	EndGlobalSection
	GlobalSection(ProjectConfigurationPlatforms) = postSolution
		{72D63185-3ED6-4CFD-B5A3-54819FAB14ED}.Debug|Any CPU.ActiveCfg = Debug|Any CPU
		{72D63185-3ED6-4CFD-B5A3-54819FAB14ED}.Debug|Any CPU.Build.0 = Debug|Any CPU
		{72D63185-3ED6-4CFD-B5A3-54819FAB14ED}.Release|Any CPU.ActiveCfg = Release|Any CPU
		{72D63185-3ED6-4CFD-B5A3-54819FAB14ED}.Release|Any CPU.Build.0 = Release|Any CPU
	EndGlobalSection
	GlobalSection(SolutionProperties) = preSolution
		HideSolutionNode = FALSE
	EndGlobalSection
	GlobalSection(ExtensibilityGlobals) = postSolution
		SolutionGuid = {8D76AC58-79FE-4AC8-A957-DFB2F71E60A3}
	EndGlobalSection
EndGlobal
